
Microsoft Visual Studio Solution File, Format Version 12.00
# Visual Studio 15
Project("{FAE04EC0-301F-11D3-BF4B-00C04F79EFBC}") = "Assembly-CSharp-firstpass", "Assembly-CSharp-firstpass.csproj", "{3F126D81-8A26-2B28-9E2F-F38706F03B82}"
EndProject
Project("{FAE04EC0-301F-11D3-BF4B-00C04F79EFBC}") = "Assembly-CSharp", "Assembly-CSharp.csproj", "{39808AF1-C8D8-769A-D5DE-92881EDA7F02}"
EndProject
Global
	GlobalSection(SolutionConfigurationPlatforms) = preSolution
		Debug|Any CPU = Debug|Any CPU
		Release|Any CPU = Release|Any CPU
	EndGlobalSection
	GlobalSection(ProjectConfigurationPlatforms) = postSolution
		{3F126D81-8A26-2B28-9E2F-F38706F03B82}.Debug|Any CPU.ActiveCfg = Debug|Any CPU
		{3F126D81-8A26-2B28-9E2F-F38706F03B82}.Debug|Any CPU.Build.0 = Debug|Any CPU
		{3F126D81-8A26-2B28-9E2F-F38706F03B82}.Release|Any CPU.ActiveCfg = Release|Any CPU
		{3F126D81-8A26-2B28-9E2F-F38706F03B82}.Release|Any CPU.Build.0 = Release|Any CPU
		{39808AF1-C8D8-769A-D5DE-92881EDA7F02}.Debug|Any CPU.ActiveCfg = Debug|Any CPU
		{39808AF1-C8D8-769A-D5DE-92881EDA7F02}.Debug|Any CPU.Build.0 = Debug|Any CPU
		{39808AF1-C8D8-769A-D5DE-92881EDA7F02}.Release|Any CPU.ActiveCfg = Release|Any CPU
		{39808AF1-C8D8-769A-D5DE-92881EDA7F02}.Release|Any CPU.Build.0 = Release|Any CPU
	EndGlobalSection
	GlobalSection(SolutionProperties) = preSolution
		HideSolutionNode = FALSE
	EndGlobalSection
EndGlobal
